
Microsoft Visual Studio Solution File, Format Version 12.00
# Visual Studio 2013
VisualStudioVersion = 12.0.40629.0
MinimumVisualStudioVersion = 10.0.40219.1
Project("{2150E333-8FDC-42A3-9474-1A3956D46DE8}") = "Documents", "Documents", "{B6EA833F-CBF8-4F56-B383-981474C4FE3A}"
	ProjectSection(SolutionItems) = preProject
		DS TechnicalSpec.docx = DS TechnicalSpec.docx
	EndProjectSection
EndProject
Project("{2150E333-8FDC-42A3-9474-1A3956D46DE8}") = "DummyXmlData", "DummyXmlData", "{213C9F94-15DD-406A-8578-FB78041A9055}"
	ProjectSection(SolutionItems) = preProject
		Payments_REDACTED_APR2010.xml = Payments_REDACTED_APR2010.xml
		Payments_REDACTED_AUG2010.xml = Payments_REDACTED_AUG2010.xml
		Payments_REDACTED_JUL2010.xml = Payments_REDACTED_JUL2010.xml
		Payments_REDACTED_JUN2010.xml = Payments_REDACTED_JUN2010.xml
		Payments_REDACTED_MAY2010.xml = Payments_REDACTED_MAY2010.xml
		Payments_REDACTED_NOV2010.xml = Payments_REDACTED_NOV2010.xml
		Payments_REDACTED_OCT2010.xml = Payments_REDACTED_OCT2010.xml
		Payments_REDACTED_SEP2010.xml = Payments_REDACTED_SEP2010.xml
	EndProjectSection
EndProject
Project("{2150E333-8FDC-42A3-9474-1A3956D46DE8}") = "Solution Items", "Solution Items", "{A00D7D32-D91D-4CEB-AE26-E6201C6FE4AB}"
	ProjectSection(SolutionItems) = preProject
		packages\DataAnnotationsExtensions.MVC3.0.5.0.0\lib\NETFramework40\DataAnnotationsExtensions.ClientValidation.dll = packages\DataAnnotationsExtensions.MVC3.0.5.0.0\lib\NETFramework40\DataAnnotationsExtensions.ClientValidation.dll
		packages\DataAnnotationsExtensions.0.4.0.0\lib\NETFramework40\DataAnnotationsExtensions.dll = packages\DataAnnotationsExtensions.0.4.0.0\lib\NETFramework40\DataAnnotationsExtensions.dll
		packages\DataAnnotationsExtensions.MVC3.0.5.0.0\DataAnnotationsExtensions.MVC3.0.5.0.0.nupkg = packages\DataAnnotationsExtensions.MVC3.0.5.0.0\DataAnnotationsExtensions.MVC3.0.5.0.0.nupkg
		packages\dotless.1.3.1.0\lib\dotless.Core.dll = packages\dotless.1.3.1.0\lib\dotless.Core.dll
		DS.vsmdi = DS.vsmdi
		packages\elmah.1.1\lib\Elmah.dll = packages\elmah.1.1\lib\Elmah.dll
		packages\EntityFramework.4.1.10311.0\lib\EntityFramework.dll = packages\EntityFramework.4.1.10311.0\lib\EntityFramework.dll
		packages\HibernatingRhinos.Profiler.Appender.v4.0.dll = packages\HibernatingRhinos.Profiler.Appender.v4.0.dll
		Local.testsettings = Local.testsettings
		packages\LumenworksCsvReader\LumenWorks.Framework.IO.dll = packages\LumenworksCsvReader\LumenWorks.Framework.IO.dll
		packages\SMO\Microsoft.SqlServer.ConnectionInfo.dll = packages\SMO\Microsoft.SqlServer.ConnectionInfo.dll
		packages\SMO\Microsoft.SqlServer.Smo.dll = packages\SMO\Microsoft.SqlServer.Smo.dll
		packages\Newtonsoft.Json.4.0.1\lib\40\Newtonsoft.Json.dll = packages\Newtonsoft.Json.4.0.1\lib\40\Newtonsoft.Json.dll
		packages\SquishIt.0.9.5\lib\SquishIt.Framework.dll = packages\SquishIt.0.9.5\lib\SquishIt.Framework.dll
		packages\SquishIt.Less.0.9.5\lib\SquishIt.Less.dll = packages\SquishIt.Less.0.9.5\lib\SquishIt.Less.dll
		packages\SquishIt.Mvc.0.9.5\lib\SquishIt.Mvc.dll = packages\SquishIt.Mvc.0.9.5\lib\SquishIt.Mvc.dll
		packages\structuremap.2.6.2\lib\StructureMap.dll = packages\structuremap.2.6.2\lib\StructureMap.dll
		TraceAndTestImpact.testsettings = TraceAndTestImpact.testsettings
		packages\Visualization.dll = packages\Visualization.dll
		packages\WebActivator.1.4.4\lib\net40\WebActivator.dll = packages\WebActivator.1.4.4\lib\net40\WebActivator.dll
		packages\msiext-1.4\WixExtensions\WixCommonUiExtension.dll = packages\msiext-1.4\WixExtensions\WixCommonUiExtension.dll
		packages\msiext-1.4\WixExtensions\WixDataSourceExtension.dll = packages\msiext-1.4\WixExtensions\WixDataSourceExtension.dll
		packages\YUICompressor.NET.2.0.0.0\lib\NET20\Yahoo.Yui.Compressor.dll = packages\YUICompressor.NET.2.0.0.0\lib\NET20\Yahoo.Yui.Compressor.dll
	EndProjectSection
EndProject
Project("{2150E333-8FDC-42A3-9474-1A3956D46DE8}") = "Tests", "Tests", "{EE121DC6-4F47-4075-AA38-7A1A840BEF53}"
EndProject
Project("{2150E333-8FDC-42A3-9474-1A3956D46DE8}") = "WixSetupProjects", "WixSetupProjects", "{DBAFF1AF-413D-45DC-B7C5-DD880CF0A6E9}"
EndProject
Project("{FAE04EC0-301F-11D3-BF4B-00C04F79EFBC}") = "DS.WebUI", "DS.WebUI\DS.WebUI.csproj", "{5DDEEE88-CCB0-4EFC-A52B-9DE51EF21DC1}"
EndProject
Project("{FAE04EC0-301F-11D3-BF4B-00C04F79EFBC}") = "DS.Domain", "DS.Domain\DS.Domain.csproj", "{AE084CC7-4923-4162-A873-E80ABD336117}"
EndProject
Project("{FAE04EC0-301F-11D3-BF4B-00C04F79EFBC}") = "DS.Extensions", "DS.Extensions\DS.Extensions.csproj", "{4CE9D39D-25DB-403D-90E4-9D85BA1C99B8}"
EndProject
Project("{FAE04EC0-301F-11D3-BF4B-00C04F79EFBC}") = "DS.Service", "DS.Service\DS.Service.csproj", "{98B34C1A-9F1A-4EAF-94C1-F187FC4505CE}"
EndProject
Project("{FAE04EC0-301F-11D3-BF4B-00C04F79EFBC}") = "DS.DL", "DS.DL\DS.DL.csproj", "{9FEA27F4-D2B5-4AA6-B9D4-CA23B8327A9C}"
EndProject
Project("{FAE04EC0-301F-11D3-BF4B-00C04F79EFBC}") = "DS.Tests", "DS.Tests\DS.Tests.csproj", "{D10341A8-FF4C-4992-881C-4CDA039D037E}"
EndProject
Project("{FAE04EC0-301F-11D3-BF4B-00C04F79EFBC}") = "DS.WindowsService", "DS.WindowsService\DS.WindowsService.csproj", "{0AF74BC7-5B9D-43F1-A244-C185200BEF69}"
EndProject
Project("{FAE04EC0-301F-11D3-BF4B-00C04F79EFBC}") = "DS.WindowsService.Debugger", "DS.WindowsService.Debugger\DS.WindowsService.Debugger.csproj", "{DAFBC18C-E733-47EC-9B53-00D551EE6346}"
EndProject
Project("{930C7802-8A8C-48F9-8165-68863BCCD9DD}") = "DS.WebUI.WixSetup", "DS.WebUI.WixSetup\DS.WebUI.WixSetup.wixproj", "{A4F98267-2EAC-4604-8995-97AA4CE4ED80}"
EndProject
Project("{930C7802-8A8C-48F9-8165-68863BCCD9DD}") = "DS.WindowsService.WixSetup", "DS.WindowsService.WixSetup\DS.WindowsService.WixSetup.wixproj", "{08B843FA-C426-4895-8E24-5A0F2D1B5244}"
EndProject
Global
	GlobalSection(SolutionConfigurationPlatforms) = preSolution
		Debug|Any CPU = Debug|Any CPU
		Debug|Mixed Platforms = Debug|Mixed Platforms
		Debug|x86 = Debug|x86
		Release|Any CPU = Release|Any CPU
		Release|Mixed Platforms = Release|Mixed Platforms
		Release|x86 = Release|x86
		ReleaseNightlyService|Any CPU = ReleaseNightlyService|Any CPU
		ReleaseNightlyService|Mixed Platforms = ReleaseNightlyService|Mixed Platforms
		ReleaseNightlyService|x86 = ReleaseNightlyService|x86
		ReleaseNightlyServiceDebug|Any CPU = ReleaseNightlyServiceDebug|Any CPU
		ReleaseNightlyServiceDebug|Mixed Platforms = ReleaseNightlyServiceDebug|Mixed Platforms
		ReleaseNightlyServiceDebug|x86 = ReleaseNightlyServiceDebug|x86
		ReleaseToInstall|Any CPU = ReleaseToInstall|Any CPU
		ReleaseToInstall|Mixed Platforms = ReleaseToInstall|Mixed Platforms
		ReleaseToInstall|x86 = ReleaseToInstall|x86
		ReleaseToLive|Any CPU = ReleaseToLive|Any CPU
		ReleaseToLive|Mixed Platforms = ReleaseToLive|Mixed Platforms
		ReleaseToLive|x86 = ReleaseToLive|x86
		ReleaseToStaging|Any CPU = ReleaseToStaging|Any CPU
		ReleaseToStaging|Mixed Platforms = ReleaseToStaging|Mixed Platforms
		ReleaseToStaging|x86 = ReleaseToStaging|x86
		ReleaseToTest|Any CPU = ReleaseToTest|Any CPU
		ReleaseToTest|Mixed Platforms = ReleaseToTest|Mixed Platforms
		ReleaseToTest|x86 = ReleaseToTest|x86
	EndGlobalSection
	GlobalSection(ProjectConfigurationPlatforms) = postSolution
		{5DDEEE88-CCB0-4EFC-A52B-9DE51EF21DC1}.Debug|Any CPU.ActiveCfg = Debug|Any CPU
		{5DDEEE88-CCB0-4EFC-A52B-9DE51EF21DC1}.Debug|Any CPU.Build.0 = Debug|Any CPU
		{5DDEEE88-CCB0-4EFC-A52B-9DE51EF21DC1}.Debug|Mixed Platforms.ActiveCfg = Debug|Any CPU
		{5DDEEE88-CCB0-4EFC-A52B-9DE51EF21DC1}.Debug|Mixed Platforms.Build.0 = Debug|Any CPU
		{5DDEEE88-CCB0-4EFC-A52B-9DE51EF21DC1}.Debug|x86.ActiveCfg = Debug|Any CPU
		{5DDEEE88-CCB0-4EFC-A52B-9DE51EF21DC1}.Release|Any CPU.ActiveCfg = Release|Any CPU
		{5DDEEE88-CCB0-4EFC-A52B-9DE51EF21DC1}.Release|Any CPU.Build.0 = Release|Any CPU
		{5DDEEE88-CCB0-4EFC-A52B-9DE51EF21DC1}.Release|Mixed Platforms.ActiveCfg = Release|Any CPU
		{5DDEEE88-CCB0-4EFC-A52B-9DE51EF21DC1}.Release|Mixed Platforms.Build.0 = Release|Any CPU
		{5DDEEE88-CCB0-4EFC-A52B-9DE51EF21DC1}.Release|x86.ActiveCfg = Release|Any CPU
		{5DDEEE88-CCB0-4EFC-A52B-9DE51EF21DC1}.ReleaseNightlyService|Any CPU.ActiveCfg = ReleaseNightlyService|Any CPU
		{5DDEEE88-CCB0-4EFC-A52B-9DE51EF21DC1}.ReleaseNightlyService|Mixed Platforms.ActiveCfg = ReleaseNightlyService|Any CPU
		{5DDEEE88-CCB0-4EFC-A52B-9DE51EF21DC1}.ReleaseNightlyService|Mixed Platforms.Build.0 = ReleaseNightlyService|Any CPU
		{5DDEEE88-CCB0-4EFC-A52B-9DE51EF21DC1}.ReleaseNightlyService|x86.ActiveCfg = ReleaseNightlyService|Any CPU
		{5DDEEE88-CCB0-4EFC-A52B-9DE51EF21DC1}.ReleaseNightlyServiceDebug|Any CPU.ActiveCfg = ReleaseNightlyServiceDebug|Any CPU
		{5DDEEE88-CCB0-4EFC-A52B-9DE51EF21DC1}.ReleaseNightlyServiceDebug|Mixed Platforms.ActiveCfg = ReleaseNightlyServiceDebug|Any CPU
		{5DDEEE88-CCB0-4EFC-A52B-9DE51EF21DC1}.ReleaseNightlyServiceDebug|Mixed Platforms.Build.0 = ReleaseNightlyServiceDebug|Any CPU
		{5DDEEE88-CCB0-4EFC-A52B-9DE51EF21DC1}.ReleaseNightlyServiceDebug|x86.ActiveCfg = ReleaseNightlyServiceDebug|Any CPU
		{5DDEEE88-CCB0-4EFC-A52B-9DE51EF21DC1}.ReleaseToInstall|Any CPU.ActiveCfg = ReleaseToInstall|Any CPU
		{5DDEEE88-CCB0-4EFC-A52B-9DE51EF21DC1}.ReleaseToInstall|Any CPU.Build.0 = ReleaseToInstall|Any CPU
		{5DDEEE88-CCB0-4EFC-A52B-9DE51EF21DC1}.ReleaseToInstall|Mixed Platforms.ActiveCfg = ReleaseToInstall|x86
		{5DDEEE88-CCB0-4EFC-A52B-9DE51EF21DC1}.ReleaseToInstall|Mixed Platforms.Build.0 = ReleaseToInstall|x86
		{5DDEEE88-CCB0-4EFC-A52B-9DE51EF21DC1}.ReleaseToInstall|x86.ActiveCfg = ReleaseToInstall|Any CPU
		{5DDEEE88-CCB0-4EFC-A52B-9DE51EF21DC1}.ReleaseToLive|Any CPU.ActiveCfg = ReleaseToLive|Any CPU
		{5DDEEE88-CCB0-4EFC-A52B-9DE51EF21DC1}.ReleaseToLive|Any CPU.Build.0 = ReleaseToLive|Any CPU
		{5DDEEE88-CCB0-4EFC-A52B-9DE51EF21DC1}.ReleaseToLive|Mixed Platforms.ActiveCfg = ReleaseToLive|Any CPU
		{5DDEEE88-CCB0-4EFC-A52B-9DE51EF21DC1}.ReleaseToLive|Mixed Platforms.Build.0 = ReleaseToLive|Any CPU
		{5DDEEE88-CCB0-4EFC-A52B-9DE51EF21DC1}.ReleaseToLive|x86.ActiveCfg = ReleaseToLive|Any CPU
		{5DDEEE88-CCB0-4EFC-A52B-9DE51EF21DC1}.ReleaseToStaging|Any CPU.ActiveCfg = ReleaseToStaging|Any CPU
		{5DDEEE88-CCB0-4EFC-A52B-9DE51EF21DC1}.ReleaseToStaging|Any CPU.Build.0 = ReleaseToStaging|Any CPU
		{5DDEEE88-CCB0-4EFC-A52B-9DE51EF21DC1}.ReleaseToStaging|Mixed Platforms.ActiveCfg = ReleaseToStaging|Any CPU
		{5DDEEE88-CCB0-4EFC-A52B-9DE51EF21DC1}.ReleaseToStaging|Mixed Platforms.Build.0 = ReleaseToStaging|Any CPU
		{5DDEEE88-CCB0-4EFC-A52B-9DE51EF21DC1}.ReleaseToStaging|x86.ActiveCfg = ReleaseToStaging|Any CPU
		{5DDEEE88-CCB0-4EFC-A52B-9DE51EF21DC1}.ReleaseToTest|Any CPU.ActiveCfg = ReleaseToTest|Any CPU
		{5DDEEE88-CCB0-4EFC-A52B-9DE51EF21DC1}.ReleaseToTest|Any CPU.Build.0 = ReleaseToTest|Any CPU
		{5DDEEE88-CCB0-4EFC-A52B-9DE51EF21DC1}.ReleaseToTest|Mixed Platforms.ActiveCfg = ReleaseToTest|Any CPU
		{5DDEEE88-CCB0-4EFC-A52B-9DE51EF21DC1}.ReleaseToTest|Mixed Platforms.Build.0 = ReleaseToTest|Any CPU
		{5DDEEE88-CCB0-4EFC-A52B-9DE51EF21DC1}.ReleaseToTest|x86.ActiveCfg = ReleaseToTest|Any CPU
		{AE084CC7-4923-4162-A873-E80ABD336117}.Debug|Any CPU.ActiveCfg = Debug|Any CPU
		{AE084CC7-4923-4162-A873-E80ABD336117}.Debug|Any CPU.Build.0 = Debug|Any CPU
		{AE084CC7-4923-4162-A873-E80ABD336117}.Debug|Mixed Platforms.ActiveCfg = Debug|Any CPU
		{AE084CC7-4923-4162-A873-E80ABD336117}.Debug|Mixed Platforms.Build.0 = Debug|Any CPU
		{AE084CC7-4923-4162-A873-E80ABD336117}.Debug|x86.ActiveCfg = Debug|Any CPU
		{AE084CC7-4923-4162-A873-E80ABD336117}.Release|Any CPU.ActiveCfg = Release|Any CPU
		{AE084CC7-4923-4162-A873-E80ABD336117}.Release|Any CPU.Build.0 = Release|Any CPU
		{AE084CC7-4923-4162-A873-E80ABD336117}.Release|Mixed Platforms.ActiveCfg = Release|Any CPU
		{AE084CC7-4923-4162-A873-E80ABD336117}.Release|Mixed Platforms.Build.0 = Release|Any CPU
		{AE084CC7-4923-4162-A873-E80ABD336117}.Release|x86.ActiveCfg = Release|Any CPU
		{AE084CC7-4923-4162-A873-E80ABD336117}.ReleaseNightlyService|Any CPU.ActiveCfg = ReleaseNightlyService|Any CPU
		{AE084CC7-4923-4162-A873-E80ABD336117}.ReleaseNightlyService|Any CPU.Build.0 = ReleaseNightlyService|Any CPU
		{AE084CC7-4923-4162-A873-E80ABD336117}.ReleaseNightlyService|Mixed Platforms.ActiveCfg = ReleaseNightlyService|Any CPU
		{AE084CC7-4923-4162-A873-E80ABD336117}.ReleaseNightlyService|Mixed Platforms.Build.0 = ReleaseNightlyService|Any CPU
		{AE084CC7-4923-4162-A873-E80ABD336117}.ReleaseNightlyService|x86.ActiveCfg = ReleaseNightlyService|Any CPU
		{AE084CC7-4923-4162-A873-E80ABD336117}.ReleaseNightlyServiceDebug|Any CPU.ActiveCfg = ReleaseNightlyServiceDebug|Any CPU
		{AE084CC7-4923-4162-A873-E80ABD336117}.ReleaseNightlyServiceDebug|Any CPU.Build.0 = ReleaseNightlyServiceDebug|Any CPU
		{AE084CC7-4923-4162-A873-E80ABD336117}.ReleaseNightlyServiceDebug|Mixed Platforms.ActiveCfg = ReleaseNightlyServiceDebug|Any CPU
		{AE084CC7-4923-4162-A873-E80ABD336117}.ReleaseNightlyServiceDebug|Mixed Platforms.Build.0 = ReleaseNightlyServiceDebug|Any CPU
		{AE084CC7-4923-4162-A873-E80ABD336117}.ReleaseNightlyServiceDebug|x86.ActiveCfg = ReleaseNightlyServiceDebug|Any CPU
		{AE084CC7-4923-4162-A873-E80ABD336117}.ReleaseToInstall|Any CPU.ActiveCfg = ReleaseToInstall|Any CPU
		{AE084CC7-4923-4162-A873-E80ABD336117}.ReleaseToInstall|Any CPU.Build.0 = ReleaseToInstall|Any CPU
		{AE084CC7-4923-4162-A873-E80ABD336117}.ReleaseToInstall|Mixed Platforms.ActiveCfg = ReleaseToInstall|x86
		{AE084CC7-4923-4162-A873-E80ABD336117}.ReleaseToInstall|Mixed Platforms.Build.0 = ReleaseToInstall|x86
		{AE084CC7-4923-4162-A873-E80ABD336117}.ReleaseToInstall|x86.ActiveCfg = ReleaseToInstall|Any CPU
		{AE084CC7-4923-4162-A873-E80ABD336117}.ReleaseToLive|Any CPU.ActiveCfg = ReleaseToLive|Any CPU
		{AE084CC7-4923-4162-A873-E80ABD336117}.ReleaseToLive|Any CPU.Build.0 = ReleaseToLive|Any CPU
		{AE084CC7-4923-4162-A873-E80ABD336117}.ReleaseToLive|Mixed Platforms.ActiveCfg = ReleaseToLive|Any CPU
		{AE084CC7-4923-4162-A873-E80ABD336117}.ReleaseToLive|Mixed Platforms.Build.0 = ReleaseToLive|Any CPU
		{AE084CC7-4923-4162-A873-E80ABD336117}.ReleaseToLive|x86.ActiveCfg = ReleaseToLive|Any CPU
		{AE084CC7-4923-4162-A873-E80ABD336117}.ReleaseToStaging|Any CPU.ActiveCfg = ReleaseToStaging|Any CPU
		{AE084CC7-4923-4162-A873-E80ABD336117}.ReleaseToStaging|Any CPU.Build.0 = ReleaseToStaging|Any CPU
		{AE084CC7-4923-4162-A873-E80ABD336117}.ReleaseToStaging|Mixed Platforms.ActiveCfg = ReleaseToStaging|Any CPU
		{AE084CC7-4923-4162-A873-E80ABD336117}.ReleaseToStaging|Mixed Platforms.Build.0 = ReleaseToStaging|Any CPU
		{AE084CC7-4923-4162-A873-E80ABD336117}.ReleaseToStaging|x86.ActiveCfg = ReleaseToStaging|Any CPU
		{AE084CC7-4923-4162-A873-E80ABD336117}.ReleaseToTest|Any CPU.ActiveCfg = ReleaseToTest|Any CPU
		{AE084CC7-4923-4162-A873-E80ABD336117}.ReleaseToTest|Any CPU.Build.0 = ReleaseToTest|Any CPU
		{AE084CC7-4923-4162-A873-E80ABD336117}.ReleaseToTest|Mixed Platforms.ActiveCfg = ReleaseToTest|Any CPU
		{AE084CC7-4923-4162-A873-E80ABD336117}.ReleaseToTest|Mixed Platforms.Build.0 = ReleaseToTest|Any CPU
		{AE084CC7-4923-4162-A873-E80ABD336117}.ReleaseToTest|x86.ActiveCfg = ReleaseToTest|Any CPU
		{4CE9D39D-25DB-403D-90E4-9D85BA1C99B8}.Debug|Any CPU.ActiveCfg = Debug|Any CPU
		{4CE9D39D-25DB-403D-90E4-9D85BA1C99B8}.Debug|Any CPU.Build.0 = Debug|Any CPU
		{4CE9D39D-25DB-403D-90E4-9D85BA1C99B8}.Debug|Mixed Platforms.ActiveCfg = Debug|Any CPU
		{4CE9D39D-25DB-403D-90E4-9D85BA1C99B8}.Debug|Mixed Platforms.Build.0 = Debug|Any CPU
		{4CE9D39D-25DB-403D-90E4-9D85BA1C99B8}.Debug|x86.ActiveCfg = Debug|Any CPU
		{4CE9D39D-25DB-403D-90E4-9D85BA1C99B8}.Release|Any CPU.ActiveCfg = Release|Any CPU
		{4CE9D39D-25DB-403D-90E4-9D85BA1C99B8}.Release|Any CPU.Build.0 = Release|Any CPU
		{4CE9D39D-25DB-403D-90E4-9D85BA1C99B8}.Release|Mixed Platforms.ActiveCfg = Release|Any CPU
		{4CE9D39D-25DB-403D-90E4-9D85BA1C99B8}.Release|Mixed Platforms.Build.0 = Release|Any CPU
		{4CE9D39D-25DB-403D-90E4-9D85BA1C99B8}.Release|x86.ActiveCfg = Release|Any CPU
		{4CE9D39D-25DB-403D-90E4-9D85BA1C99B8}.ReleaseNightlyService|Any CPU.ActiveCfg = ReleaseNightlyService|Any CPU
		{4CE9D39D-25DB-403D-90E4-9D85BA1C99B8}.ReleaseNightlyService|Any CPU.Build.0 = ReleaseNightlyService|Any CPU
		{4CE9D39D-25DB-403D-90E4-9D85BA1C99B8}.ReleaseNightlyService|Mixed Platforms.ActiveCfg = ReleaseNightlyService|Any CPU
		{4CE9D39D-25DB-403D-90E4-9D85BA1C99B8}.ReleaseNightlyService|Mixed Platforms.Build.0 = ReleaseNightlyService|Any CPU
		{4CE9D39D-25DB-403D-90E4-9D85BA1C99B8}.ReleaseNightlyService|x86.ActiveCfg = ReleaseNightlyService|Any CPU
		{4CE9D39D-25DB-403D-90E4-9D85BA1C99B8}.ReleaseNightlyServiceDebug|Any CPU.ActiveCfg = ReleaseNightlyServiceDebug|Any CPU
		{4CE9D39D-25DB-403D-90E4-9D85BA1C99B8}.ReleaseNightlyServiceDebug|Any CPU.Build.0 = ReleaseNightlyServiceDebug|Any CPU
		{4CE9D39D-25DB-403D-90E4-9D85BA1C99B8}.ReleaseNightlyServiceDebug|Mixed Platforms.ActiveCfg = ReleaseNightlyServiceDebug|Any CPU
		{4CE9D39D-25DB-403D-90E4-9D85BA1C99B8}.ReleaseNightlyServiceDebug|Mixed Platforms.Build.0 = ReleaseNightlyServiceDebug|Any CPU
		{4CE9D39D-25DB-403D-90E4-9D85BA1C99B8}.ReleaseNightlyServiceDebug|x86.ActiveCfg = ReleaseNightlyServiceDebug|Any CPU
		{4CE9D39D-25DB-403D-90E4-9D85BA1C99B8}.ReleaseToInstall|Any CPU.ActiveCfg = ReleaseToInstall|Any CPU
		{4CE9D39D-25DB-403D-90E4-9D85BA1C99B8}.ReleaseToInstall|Any CPU.Build.0 = ReleaseToInstall|Any CPU
		{4CE9D39D-25DB-403D-90E4-9D85BA1C99B8}.ReleaseToInstall|Mixed Platforms.ActiveCfg = ReleaseToInstall|x86
		{4CE9D39D-25DB-403D-90E4-9D85BA1C99B8}.ReleaseToInstall|Mixed Platforms.Build.0 = ReleaseToInstall|x86
		{4CE9D39D-25DB-403D-90E4-9D85BA1C99B8}.ReleaseToInstall|x86.ActiveCfg = ReleaseToInstall|Any CPU
		{4CE9D39D-25DB-403D-90E4-9D85BA1C99B8}.ReleaseToLive|Any CPU.ActiveCfg = ReleaseToLive|Any CPU
		{4CE9D39D-25DB-403D-90E4-9D85BA1C99B8}.ReleaseToLive|Any CPU.Build.0 = ReleaseToLive|Any CPU
		{4CE9D39D-25DB-403D-90E4-9D85BA1C99B8}.ReleaseToLive|Mixed Platforms.ActiveCfg = ReleaseToLive|Any CPU
		{4CE9D39D-25DB-403D-90E4-9D85BA1C99B8}.ReleaseToLive|Mixed Platforms.Build.0 = ReleaseToLive|Any CPU
		{4CE9D39D-25DB-403D-90E4-9D85BA1C99B8}.ReleaseToLive|x86.ActiveCfg = ReleaseToLive|Any CPU
		{4CE9D39D-25DB-403D-90E4-9D85BA1C99B8}.ReleaseToStaging|Any CPU.ActiveCfg = ReleaseToStaging|Any CPU
		{4CE9D39D-25DB-403D-90E4-9D85BA1C99B8}.ReleaseToStaging|Any CPU.Build.0 = ReleaseToStaging|Any CPU
		{4CE9D39D-25DB-403D-90E4-9D85BA1C99B8}.ReleaseToStaging|Mixed Platforms.ActiveCfg = ReleaseToStaging|Any CPU
		{4CE9D39D-25DB-403D-90E4-9D85BA1C99B8}.ReleaseToStaging|Mixed Platforms.Build.0 = ReleaseToStaging|Any CPU
		{4CE9D39D-25DB-403D-90E4-9D85BA1C99B8}.ReleaseToStaging|x86.ActiveCfg = ReleaseToStaging|Any CPU
		{4CE9D39D-25DB-403D-90E4-9D85BA1C99B8}.ReleaseToTest|Any CPU.ActiveCfg = ReleaseToTest|Any CPU
		{4CE9D39D-25DB-403D-90E4-9D85BA1C99B8}.ReleaseToTest|Any CPU.Build.0 = ReleaseToTest|Any CPU
		{4CE9D39D-25DB-403D-90E4-9D85BA1C99B8}.ReleaseToTest|Mixed Platforms.ActiveCfg = ReleaseToTest|Any CPU
		{4CE9D39D-25DB-403D-90E4-9D85BA1C99B8}.ReleaseToTest|Mixed Platforms.Build.0 = ReleaseToTest|Any CPU
		{4CE9D39D-25DB-403D-90E4-9D85BA1C99B8}.ReleaseToTest|x86.ActiveCfg = ReleaseToTest|Any CPU
		{98B34C1A-9F1A-4EAF-94C1-F187FC4505CE}.Debug|Any CPU.ActiveCfg = Debug|Any CPU
		{98B34C1A-9F1A-4EAF-94C1-F187FC4505CE}.Debug|Any CPU.Build.0 = Debug|Any CPU
		{98B34C1A-9F1A-4EAF-94C1-F187FC4505CE}.Debug|Mixed Platforms.ActiveCfg = Debug|Any CPU
		{98B34C1A-9F1A-4EAF-94C1-F187FC4505CE}.Debug|Mixed Platforms.Build.0 = Debug|Any CPU
		{98B34C1A-9F1A-4EAF-94C1-F187FC4505CE}.Debug|x86.ActiveCfg = Debug|Any CPU
		{98B34C1A-9F1A-4EAF-94C1-F187FC4505CE}.Release|Any CPU.ActiveCfg = Release|Any CPU
		{98B34C1A-9F1A-4EAF-94C1-F187FC4505CE}.Release|Any CPU.Build.0 = Release|Any CPU
		{98B34C1A-9F1A-4EAF-94C1-F187FC4505CE}.Release|Mixed Platforms.ActiveCfg = Release|Any CPU
		{98B34C1A-9F1A-4EAF-94C1-F187FC4505CE}.Release|Mixed Platforms.Build.0 = Release|Any CPU
		{98B34C1A-9F1A-4EAF-94C1-F187FC4505CE}.Release|x86.ActiveCfg = Release|Any CPU
		{98B34C1A-9F1A-4EAF-94C1-F187FC4505CE}.ReleaseNightlyService|Any CPU.ActiveCfg = ReleaseNightlyService|Any CPU
		{98B34C1A-9F1A-4EAF-94C1-F187FC4505CE}.ReleaseNightlyService|Any CPU.Build.0 = ReleaseNightlyService|Any CPU
		{98B34C1A-9F1A-4EAF-94C1-F187FC4505CE}.ReleaseNightlyService|Mixed Platforms.ActiveCfg = ReleaseNightlyService|Any CPU
		{98B34C1A-9F1A-4EAF-94C1-F187FC4505CE}.ReleaseNightlyService|Mixed Platforms.Build.0 = ReleaseNightlyService|Any CPU
		{98B34C1A-9F1A-4EAF-94C1-F187FC4505CE}.ReleaseNightlyService|x86.ActiveCfg = ReleaseNightlyService|Any CPU
		{98B34C1A-9F1A-4EAF-94C1-F187FC4505CE}.ReleaseNightlyServiceDebug|Any CPU.ActiveCfg = ReleaseNightlyServiceDebug|Any CPU
		{98B34C1A-9F1A-4EAF-94C1-F187FC4505CE}.ReleaseNightlyServiceDebug|Any CPU.Build.0 = ReleaseNightlyServiceDebug|Any CPU
		{98B34C1A-9F1A-4EAF-94C1-F187FC4505CE}.ReleaseNightlyServiceDebug|Mixed Platforms.ActiveCfg = ReleaseNightlyServiceDebug|Any CPU
		{98B34C1A-9F1A-4EAF-94C1-F187FC4505CE}.ReleaseNightlyServiceDebug|Mixed Platforms.Build.0 = ReleaseNightlyServiceDebug|Any CPU
		{98B34C1A-9F1A-4EAF-94C1-F187FC4505CE}.ReleaseNightlyServiceDebug|x86.ActiveCfg = ReleaseNightlyServiceDebug|Any CPU
		{98B34C1A-9F1A-4EAF-94C1-F187FC4505CE}.ReleaseToInstall|Any CPU.ActiveCfg = ReleaseToInstall|Any CPU
		{98B34C1A-9F1A-4EAF-94C1-F187FC4505CE}.ReleaseToInstall|Any CPU.Build.0 = ReleaseToInstall|Any CPU
		{98B34C1A-9F1A-4EAF-94C1-F187FC4505CE}.ReleaseToInstall|Mixed Platforms.ActiveCfg = ReleaseToInstall|x86
		{98B34C1A-9F1A-4EAF-94C1-F187FC4505CE}.ReleaseToInstall|Mixed Platforms.Build.0 = ReleaseToInstall|x86
		{98B34C1A-9F1A-4EAF-94C1-F187FC4505CE}.ReleaseToInstall|x86.ActiveCfg = ReleaseToInstall|Any CPU
		{98B34C1A-9F1A-4EAF-94C1-F187FC4505CE}.ReleaseToLive|Any CPU.ActiveCfg = ReleaseToLive|Any CPU
		{98B34C1A-9F1A-4EAF-94C1-F187FC4505CE}.ReleaseToLive|Any CPU.Build.0 = ReleaseToLive|Any CPU
		{98B34C1A-9F1A-4EAF-94C1-F187FC4505CE}.ReleaseToLive|Mixed Platforms.ActiveCfg = ReleaseToLive|Any CPU
		{98B34C1A-9F1A-4EAF-94C1-F187FC4505CE}.ReleaseToLive|Mixed Platforms.Build.0 = ReleaseToLive|Any CPU
		{98B34C1A-9F1A-4EAF-94C1-F187FC4505CE}.ReleaseToLive|x86.ActiveCfg = ReleaseToLive|Any CPU
		{98B34C1A-9F1A-4EAF-94C1-F187FC4505CE}.ReleaseToStaging|Any CPU.ActiveCfg = ReleaseToStaging|Any CPU
		{98B34C1A-9F1A-4EAF-94C1-F187FC4505CE}.ReleaseToStaging|Any CPU.Build.0 = ReleaseToStaging|Any CPU
		{98B34C1A-9F1A-4EAF-94C1-F187FC4505CE}.ReleaseToStaging|Mixed Platforms.ActiveCfg = ReleaseToStaging|Any CPU
		{98B34C1A-9F1A-4EAF-94C1-F187FC4505CE}.ReleaseToStaging|Mixed Platforms.Build.0 = ReleaseToStaging|Any CPU
		{98B34C1A-9F1A-4EAF-94C1-F187FC4505CE}.ReleaseToStaging|x86.ActiveCfg = ReleaseToStaging|Any CPU
		{98B34C1A-9F1A-4EAF-94C1-F187FC4505CE}.ReleaseToTest|Any CPU.ActiveCfg = ReleaseToTest|Any CPU
		{98B34C1A-9F1A-4EAF-94C1-F187FC4505CE}.ReleaseToTest|Any CPU.Build.0 = ReleaseToTest|Any CPU
		{98B34C1A-9F1A-4EAF-94C1-F187FC4505CE}.ReleaseToTest|Mixed Platforms.ActiveCfg = ReleaseToTest|Any CPU
		{98B34C1A-9F1A-4EAF-94C1-F187FC4505CE}.ReleaseToTest|Mixed Platforms.Build.0 = ReleaseToTest|Any CPU
		{98B34C1A-9F1A-4EAF-94C1-F187FC4505CE}.ReleaseToTest|x86.ActiveCfg = ReleaseToTest|Any CPU
		{9FEA27F4-D2B5-4AA6-B9D4-CA23B8327A9C}.Debug|Any CPU.ActiveCfg = Debug|Any CPU
		{9FEA27F4-D2B5-4AA6-B9D4-CA23B8327A9C}.Debug|Any CPU.Build.0 = Debug|Any CPU
		{9FEA27F4-D2B5-4AA6-B9D4-CA23B8327A9C}.Debug|Mixed Platforms.ActiveCfg = Debug|Any CPU
		{9FEA27F4-D2B5-4AA6-B9D4-CA23B8327A9C}.Debug|Mixed Platforms.Build.0 = Debug|Any CPU
		{9FEA27F4-D2B5-4AA6-B9D4-CA23B8327A9C}.Debug|x86.ActiveCfg = Debug|Any CPU
		{9FEA27F4-D2B5-4AA6-B9D4-CA23B8327A9C}.Release|Any CPU.ActiveCfg = Release|Any CPU
		{9FEA27F4-D2B5-4AA6-B9D4-CA23B8327A9C}.Release|Any CPU.Build.0 = Release|Any CPU
		{9FEA27F4-D2B5-4AA6-B9D4-CA23B8327A9C}.Release|Mixed Platforms.ActiveCfg = Release|Any CPU
		{9FEA27F4-D2B5-4AA6-B9D4-CA23B8327A9C}.Release|Mixed Platforms.Build.0 = Release|Any CPU
		{9FEA27F4-D2B5-4AA6-B9D4-CA23B8327A9C}.Release|x86.ActiveCfg = Release|Any CPU
		{9FEA27F4-D2B5-4AA6-B9D4-CA23B8327A9C}.ReleaseNightlyService|Any CPU.ActiveCfg = ReleaseNightlyService|Any CPU
		{9FEA27F4-D2B5-4AA6-B9D4-CA23B8327A9C}.ReleaseNightlyService|Any CPU.Build.0 = ReleaseNightlyService|Any CPU
		{9FEA27F4-D2B5-4AA6-B9D4-CA23B8327A9C}.ReleaseNightlyService|Mixed Platforms.ActiveCfg = ReleaseNightlyService|Any CPU
		{9FEA27F4-D2B5-4AA6-B9D4-CA23B8327A9C}.ReleaseNightlyService|Mixed Platforms.Build.0 = ReleaseNightlyService|Any CPU
		{9FEA27F4-D2B5-4AA6-B9D4-CA23B8327A9C}.ReleaseNightlyService|x86.ActiveCfg = ReleaseNightlyService|Any CPU
		{9FEA27F4-D2B5-4AA6-B9D4-CA23B8327A9C}.ReleaseNightlyServiceDebug|Any CPU.ActiveCfg = ReleaseNightlyServiceDebug|Any CPU
		{9FEA27F4-D2B5-4AA6-B9D4-CA23B8327A9C}.ReleaseNightlyServiceDebug|Any CPU.Build.0 = ReleaseNightlyServiceDebug|Any CPU
		{9FEA27F4-D2B5-4AA6-B9D4-CA23B8327A9C}.ReleaseNightlyServiceDebug|Mixed Platforms.ActiveCfg = ReleaseNightlyServiceDebug|Any CPU
		{9FEA27F4-D2B5-4AA6-B9D4-CA23B8327A9C}.ReleaseNightlyServiceDebug|Mixed Platforms.Build.0 = ReleaseNightlyServiceDebug|Any CPU
		{9FEA27F4-D2B5-4AA6-B9D4-CA23B8327A9C}.ReleaseNightlyServiceDebug|x86.ActiveCfg = ReleaseNightlyServiceDebug|Any CPU
		{9FEA27F4-D2B5-4AA6-B9D4-CA23B8327A9C}.ReleaseToInstall|Any CPU.ActiveCfg = ReleaseToInstall|Any CPU
		{9FEA27F4-D2B5-4AA6-B9D4-CA23B8327A9C}.ReleaseToInstall|Any CPU.Build.0 = ReleaseToInstall|Any CPU
		{9FEA27F4-D2B5-4AA6-B9D4-CA23B8327A9C}.ReleaseToInstall|Mixed Platforms.ActiveCfg = ReleaseToInstall|x86
		{9FEA27F4-D2B5-4AA6-B9D4-CA23B8327A9C}.ReleaseToInstall|Mixed Platforms.Build.0 = ReleaseToInstall|x86
		{9FEA27F4-D2B5-4AA6-B9D4-CA23B8327A9C}.ReleaseToInstall|x86.ActiveCfg = ReleaseToInstall|Any CPU
		{9FEA27F4-D2B5-4AA6-B9D4-CA23B8327A9C}.ReleaseToLive|Any CPU.ActiveCfg = ReleaseToLive|Any CPU
		{9FEA27F4-D2B5-4AA6-B9D4-CA23B8327A9C}.ReleaseToLive|Any CPU.Build.0 = ReleaseToLive|Any CPU
		{9FEA27F4-D2B5-4AA6-B9D4-CA23B8327A9C}.ReleaseToLive|Mixed Platforms.ActiveCfg = ReleaseToLive|Any CPU
		{9FEA27F4-D2B5-4AA6-B9D4-CA23B8327A9C}.ReleaseToLive|Mixed Platforms.Build.0 = ReleaseToLive|Any CPU
		{9FEA27F4-D2B5-4AA6-B9D4-CA23B8327A9C}.ReleaseToLive|x86.ActiveCfg = ReleaseToLive|Any CPU
		{9FEA27F4-D2B5-4AA6-B9D4-CA23B8327A9C}.ReleaseToStaging|Any CPU.ActiveCfg = ReleaseToStaging|Any CPU
		{9FEA27F4-D2B5-4AA6-B9D4-CA23B8327A9C}.ReleaseToStaging|Any CPU.Build.0 = ReleaseToStaging|Any CPU
		{9FEA27F4-D2B5-4AA6-B9D4-CA23B8327A9C}.ReleaseToStaging|Mixed Platforms.ActiveCfg = ReleaseToStaging|Any CPU
		{9FEA27F4-D2B5-4AA6-B9D4-CA23B8327A9C}.ReleaseToStaging|Mixed Platforms.Build.0 = ReleaseToStaging|Any CPU
		{9FEA27F4-D2B5-4AA6-B9D4-CA23B8327A9C}.ReleaseToStaging|x86.ActiveCfg = ReleaseToStaging|Any CPU
		{9FEA27F4-D2B5-4AA6-B9D4-CA23B8327A9C}.ReleaseToTest|Any CPU.ActiveCfg = ReleaseToTest|Any CPU
		{9FEA27F4-D2B5-4AA6-B9D4-CA23B8327A9C}.ReleaseToTest|Any CPU.Build.0 = ReleaseToTest|Any CPU
		{9FEA27F4-D2B5-4AA6-B9D4-CA23B8327A9C}.ReleaseToTest|Mixed Platforms.ActiveCfg = ReleaseToTest|Any CPU
		{9FEA27F4-D2B5-4AA6-B9D4-CA23B8327A9C}.ReleaseToTest|Mixed Platforms.Build.0 = ReleaseToTest|Any CPU
		{9FEA27F4-D2B5-4AA6-B9D4-CA23B8327A9C}.ReleaseToTest|x86.ActiveCfg = ReleaseToTest|Any CPU
		{D10341A8-FF4C-4992-881C-4CDA039D037E}.Debug|Any CPU.ActiveCfg = Debug|Any CPU
		{D10341A8-FF4C-4992-881C-4CDA039D037E}.Debug|Any CPU.Build.0 = Debug|Any CPU
		{D10341A8-FF4C-4992-881C-4CDA039D037E}.Debug|Mixed Platforms.ActiveCfg = Debug|Any CPU
		{D10341A8-FF4C-4992-881C-4CDA039D037E}.Debug|Mixed Platforms.Build.0 = Debug|Any CPU
		{D10341A8-FF4C-4992-881C-4CDA039D037E}.Debug|x86.ActiveCfg = Debug|Any CPU
		{D10341A8-FF4C-4992-881C-4CDA039D037E}.Release|Any CPU.ActiveCfg = Release|Any CPU
		{D10341A8-FF4C-4992-881C-4CDA039D037E}.Release|Any CPU.Build.0 = Release|Any CPU
		{D10341A8-FF4C-4992-881C-4CDA039D037E}.Release|Mixed Platforms.ActiveCfg = Release|Any CPU
		{D10341A8-FF4C-4992-881C-4CDA039D037E}.Release|Mixed Platforms.Build.0 = Release|Any CPU
		{D10341A8-FF4C-4992-881C-4CDA039D037E}.Release|x86.ActiveCfg = Release|Any CPU
		{D10341A8-FF4C-4992-881C-4CDA039D037E}.ReleaseNightlyService|Any CPU.ActiveCfg = ReleaseNightlyService|Any CPU
		{D10341A8-FF4C-4992-881C-4CDA039D037E}.ReleaseNightlyService|Mixed Platforms.ActiveCfg = ReleaseNightlyService|Any CPU
		{D10341A8-FF4C-4992-881C-4CDA039D037E}.ReleaseNightlyService|Mixed Platforms.Build.0 = ReleaseNightlyService|Any CPU
		{D10341A8-FF4C-4992-881C-4CDA039D037E}.ReleaseNightlyService|x86.ActiveCfg = ReleaseNightlyService|Any CPU
		{D10341A8-FF4C-4992-881C-4CDA039D037E}.ReleaseNightlyServiceDebug|Any CPU.ActiveCfg = ReleaseNightlyServiceDebug|Any CPU
		{D10341A8-FF4C-4992-881C-4CDA039D037E}.ReleaseNightlyServiceDebug|Mixed Platforms.ActiveCfg = ReleaseNightlyServiceDebug|Any CPU
		{D10341A8-FF4C-4992-881C-4CDA039D037E}.ReleaseNightlyServiceDebug|Mixed Platforms.Build.0 = ReleaseNightlyServiceDebug|Any CPU
		{D10341A8-FF4C-4992-881C-4CDA039D037E}.ReleaseNightlyServiceDebug|x86.ActiveCfg = ReleaseNightlyServiceDebug|Any CPU
		{D10341A8-FF4C-4992-881C-4CDA039D037E}.ReleaseToInstall|Any CPU.ActiveCfg = ReleaseToInstall|Any CPU
		{D10341A8-FF4C-4992-881C-4CDA039D037E}.ReleaseToInstall|Any CPU.Build.0 = ReleaseToInstall|Any CPU
		{D10341A8-FF4C-4992-881C-4CDA039D037E}.ReleaseToInstall|Mixed Platforms.ActiveCfg = ReleaseToInstall|x86
		{D10341A8-FF4C-4992-881C-4CDA039D037E}.ReleaseToInstall|Mixed Platforms.Build.0 = ReleaseToInstall|x86
		{D10341A8-FF4C-4992-881C-4CDA039D037E}.ReleaseToInstall|x86.ActiveCfg = ReleaseToInstall|Any CPU
		{D10341A8-FF4C-4992-881C-4CDA039D037E}.ReleaseToLive|Any CPU.ActiveCfg = ReleaseToLive|Any CPU
		{D10341A8-FF4C-4992-881C-4CDA039D037E}.ReleaseToLive|Any CPU.Build.0 = ReleaseToLive|Any CPU
		{D10341A8-FF4C-4992-881C-4CDA039D037E}.ReleaseToLive|Mixed Platforms.ActiveCfg = ReleaseToLive|Any CPU
		{D10341A8-FF4C-4992-881C-4CDA039D037E}.ReleaseToLive|Mixed Platforms.Build.0 = ReleaseToLive|Any CPU
		{D10341A8-FF4C-4992-881C-4CDA039D037E}.ReleaseToLive|x86.ActiveCfg = ReleaseToLive|Any CPU
		{D10341A8-FF4C-4992-881C-4CDA039D037E}.ReleaseToStaging|Any CPU.ActiveCfg = ReleaseToStaging|Any CPU
		{D10341A8-FF4C-4992-881C-4CDA039D037E}.ReleaseToStaging|Any CPU.Build.0 = ReleaseToStaging|Any CPU
		{D10341A8-FF4C-4992-881C-4CDA039D037E}.ReleaseToStaging|Mixed Platforms.ActiveCfg = ReleaseToStaging|Any CPU
		{D10341A8-FF4C-4992-881C-4CDA039D037E}.ReleaseToStaging|Mixed Platforms.Build.0 = ReleaseToStaging|Any CPU
		{D10341A8-FF4C-4992-881C-4CDA039D037E}.ReleaseToStaging|x86.ActiveCfg = ReleaseToStaging|Any CPU
		{D10341A8-FF4C-4992-881C-4CDA039D037E}.ReleaseToTest|Any CPU.ActiveCfg = ReleaseToTest|Any CPU
		{D10341A8-FF4C-4992-881C-4CDA039D037E}.ReleaseToTest|Any CPU.Build.0 = ReleaseToTest|Any CPU
		{D10341A8-FF4C-4992-881C-4CDA039D037E}.ReleaseToTest|Mixed Platforms.ActiveCfg = ReleaseToTest|Any CPU
		{D10341A8-FF4C-4992-881C-4CDA039D037E}.ReleaseToTest|Mixed Platforms.Build.0 = ReleaseToTest|Any CPU
		{D10341A8-FF4C-4992-881C-4CDA039D037E}.ReleaseToTest|x86.ActiveCfg = ReleaseToTest|Any CPU
		{0AF74BC7-5B9D-43F1-A244-C185200BEF69}.Debug|Any CPU.ActiveCfg = Debug|x86
		{0AF74BC7-5B9D-43F1-A244-C185200BEF69}.Debug|Mixed Platforms.ActiveCfg = Debug|x86
		{0AF74BC7-5B9D-43F1-A244-C185200BEF69}.Debug|x86.ActiveCfg = Debug|x86
		{0AF74BC7-5B9D-43F1-A244-C185200BEF69}.Debug|x86.Build.0 = Debug|x86
		{0AF74BC7-5B9D-43F1-A244-C185200BEF69}.Release|Any CPU.ActiveCfg = Release|x86
		{0AF74BC7-5B9D-43F1-A244-C185200BEF69}.Release|Mixed Platforms.ActiveCfg = Release|x86
		{0AF74BC7-5B9D-43F1-A244-C185200BEF69}.Release|Mixed Platforms.Build.0 = Release|x86
		{0AF74BC7-5B9D-43F1-A244-C185200BEF69}.Release|x86.ActiveCfg = Release|x86
		{0AF74BC7-5B9D-43F1-A244-C185200BEF69}.Release|x86.Build.0 = Release|x86
		{0AF74BC7-5B9D-43F1-A244-C185200BEF69}.ReleaseNightlyService|Any CPU.ActiveCfg = ReleaseNightlyService|x86
		{0AF74BC7-5B9D-43F1-A244-C185200BEF69}.ReleaseNightlyService|Any CPU.Build.0 = ReleaseNightlyService|x86
		{0AF74BC7-5B9D-43F1-A244-C185200BEF69}.ReleaseNightlyService|Mixed Platforms.ActiveCfg = ReleaseNightlyService|x86
		{0AF74BC7-5B9D-43F1-A244-C185200BEF69}.ReleaseNightlyService|Mixed Platforms.Build.0 = ReleaseNightlyService|x86
		{0AF74BC7-5B9D-43F1-A244-C185200BEF69}.ReleaseNightlyService|x86.ActiveCfg = ReleaseNightlyService|x86
		{0AF74BC7-5B9D-43F1-A244-C185200BEF69}.ReleaseNightlyServiceDebug|Any CPU.ActiveCfg = ReleaseNightlyServiceDebug|x86
		{0AF74BC7-5B9D-43F1-A244-C185200BEF69}.ReleaseNightlyServiceDebug|Any CPU.Build.0 = ReleaseNightlyServiceDebug|x86
		{0AF74BC7-5B9D-43F1-A244-C185200BEF69}.ReleaseNightlyServiceDebug|Mixed Platforms.ActiveCfg = ReleaseNightlyServiceDebug|x86
		{0AF74BC7-5B9D-43F1-A244-C185200BEF69}.ReleaseNightlyServiceDebug|Mixed Platforms.Build.0 = ReleaseNightlyServiceDebug|x86
		{0AF74BC7-5B9D-43F1-A244-C185200BEF69}.ReleaseNightlyServiceDebug|x86.ActiveCfg = ReleaseNightlyServiceDebug|x86
		{0AF74BC7-5B9D-43F1-A244-C185200BEF69}.ReleaseToInstall|Any CPU.ActiveCfg = ReleaseToInstall|x86
		{0AF74BC7-5B9D-43F1-A244-C185200BEF69}.ReleaseToInstall|Mixed Platforms.ActiveCfg = ReleaseToInstall|x86
		{0AF74BC7-5B9D-43F1-A244-C185200BEF69}.ReleaseToInstall|Mixed Platforms.Build.0 = ReleaseToInstall|x86
		{0AF74BC7-5B9D-43F1-A244-C185200BEF69}.ReleaseToInstall|x86.ActiveCfg = ReleaseToInstall|x86
		{0AF74BC7-5B9D-43F1-A244-C185200BEF69}.ReleaseToInstall|x86.Build.0 = ReleaseToInstall|x86
		{0AF74BC7-5B9D-43F1-A244-C185200BEF69}.ReleaseToLive|Any CPU.ActiveCfg = Release|x86
		{0AF74BC7-5B9D-43F1-A244-C185200BEF69}.ReleaseToLive|Mixed Platforms.ActiveCfg = Release|x86
		{0AF74BC7-5B9D-43F1-A244-C185200BEF69}.ReleaseToLive|Mixed Platforms.Build.0 = Release|x86
		{0AF74BC7-5B9D-43F1-A244-C185200BEF69}.ReleaseToLive|x86.ActiveCfg = Release|x86
		{0AF74BC7-5B9D-43F1-A244-C185200BEF69}.ReleaseToLive|x86.Build.0 = Release|x86
		{0AF74BC7-5B9D-43F1-A244-C185200BEF69}.ReleaseToStaging|Any CPU.ActiveCfg = Release|x86
		{0AF74BC7-5B9D-43F1-A244-C185200BEF69}.ReleaseToStaging|Mixed Platforms.ActiveCfg = Release|x86
		{0AF74BC7-5B9D-43F1-A244-C185200BEF69}.ReleaseToStaging|Mixed Platforms.Build.0 = Release|x86
		{0AF74BC7-5B9D-43F1-A244-C185200BEF69}.ReleaseToStaging|x86.ActiveCfg = Release|x86
		{0AF74BC7-5B9D-43F1-A244-C185200BEF69}.ReleaseToStaging|x86.Build.0 = Release|x86
		{0AF74BC7-5B9D-43F1-A244-C185200BEF69}.ReleaseToTest|Any CPU.ActiveCfg = Release|x86
		{0AF74BC7-5B9D-43F1-A244-C185200BEF69}.ReleaseToTest|Mixed Platforms.ActiveCfg = Release|x86
		{0AF74BC7-5B9D-43F1-A244-C185200BEF69}.ReleaseToTest|x86.ActiveCfg = Release|x86
		{0AF74BC7-5B9D-43F1-A244-C185200BEF69}.ReleaseToTest|x86.Build.0 = Release|x86
		{DAFBC18C-E733-47EC-9B53-00D551EE6346}.Debug|Any CPU.ActiveCfg = Debug|x86
		{DAFBC18C-E733-47EC-9B53-00D551EE6346}.Debug|Mixed Platforms.ActiveCfg = Debug|x86
		{DAFBC18C-E733-47EC-9B53-00D551EE6346}.Debug|x86.ActiveCfg = Debug|x86
		{DAFBC18C-E733-47EC-9B53-00D551EE6346}.Debug|x86.Build.0 = Debug|x86
		{DAFBC18C-E733-47EC-9B53-00D551EE6346}.Release|Any CPU.ActiveCfg = Release|x86
		{DAFBC18C-E733-47EC-9B53-00D551EE6346}.Release|Mixed Platforms.ActiveCfg = Release|x86
		{DAFBC18C-E733-47EC-9B53-00D551EE6346}.Release|Mixed Platforms.Build.0 = Release|x86
		{DAFBC18C-E733-47EC-9B53-00D551EE6346}.Release|x86.ActiveCfg = Release|x86
		{DAFBC18C-E733-47EC-9B53-00D551EE6346}.Release|x86.Build.0 = Release|x86
		{DAFBC18C-E733-47EC-9B53-00D551EE6346}.ReleaseNightlyService|Any CPU.ActiveCfg = ReleaseNightlyService|x86
		{DAFBC18C-E733-47EC-9B53-00D551EE6346}.ReleaseNightlyService|Mixed Platforms.ActiveCfg = ReleaseNightlyService|x86
		{DAFBC18C-E733-47EC-9B53-00D551EE6346}.ReleaseNightlyService|Mixed Platforms.Build.0 = ReleaseNightlyService|x86
		{DAFBC18C-E733-47EC-9B53-00D551EE6346}.ReleaseNightlyService|x86.ActiveCfg = ReleaseNightlyService|x86
		{DAFBC18C-E733-47EC-9B53-00D551EE6346}.ReleaseNightlyServiceDebug|Any CPU.ActiveCfg = ReleaseNightlyServiceDebug|x86
		{DAFBC18C-E733-47EC-9B53-00D551EE6346}.ReleaseNightlyServiceDebug|Any CPU.Build.0 = ReleaseNightlyServiceDebug|x86
		{DAFBC18C-E733-47EC-9B53-00D551EE6346}.ReleaseNightlyServiceDebug|Mixed Platforms.ActiveCfg = ReleaseNightlyServiceDebug|x86
		{DAFBC18C-E733-47EC-9B53-00D551EE6346}.ReleaseNightlyServiceDebug|Mixed Platforms.Build.0 = ReleaseNightlyServiceDebug|x86
		{DAFBC18C-E733-47EC-9B53-00D551EE6346}.ReleaseNightlyServiceDebug|x86.ActiveCfg = ReleaseNightlyServiceDebug|x86
		{DAFBC18C-E733-47EC-9B53-00D551EE6346}.ReleaseToInstall|Any CPU.ActiveCfg = ReleaseToInstall|x86
		{DAFBC18C-E733-47EC-9B53-00D551EE6346}.ReleaseToInstall|Mixed Platforms.ActiveCfg = ReleaseToInstall|x86
		{DAFBC18C-E733-47EC-9B53-00D551EE6346}.ReleaseToInstall|Mixed Platforms.Build.0 = ReleaseToInstall|x86
		{DAFBC18C-E733-47EC-9B53-00D551EE6346}.ReleaseToInstall|x86.ActiveCfg = ReleaseToInstall|x86
		{DAFBC18C-E733-47EC-9B53-00D551EE6346}.ReleaseToInstall|x86.Build.0 = ReleaseToInstall|x86
		{DAFBC18C-E733-47EC-9B53-00D551EE6346}.ReleaseToLive|Any CPU.ActiveCfg = Release|x86
		{DAFBC18C-E733-47EC-9B53-00D551EE6346}.ReleaseToLive|Mixed Platforms.ActiveCfg = Release|x86
		{DAFBC18C-E733-47EC-9B53-00D551EE6346}.ReleaseToLive|Mixed Platforms.Build.0 = Release|x86
		{DAFBC18C-E733-47EC-9B53-00D551EE6346}.ReleaseToLive|x86.ActiveCfg = Release|x86
		{DAFBC18C-E733-47EC-9B53-00D551EE6346}.ReleaseToLive|x86.Build.0 = Release|x86
		{DAFBC18C-E733-47EC-9B53-00D551EE6346}.ReleaseToStaging|Any CPU.ActiveCfg = Release|x86
		{DAFBC18C-E733-47EC-9B53-00D551EE6346}.ReleaseToStaging|Mixed Platforms.ActiveCfg = Release|x86
		{DAFBC18C-E733-47EC-9B53-00D551EE6346}.ReleaseToStaging|Mixed Platforms.Build.0 = Release|x86
		{DAFBC18C-E733-47EC-9B53-00D551EE6346}.ReleaseToStaging|x86.ActiveCfg = Release|x86
		{DAFBC18C-E733-47EC-9B53-00D551EE6346}.ReleaseToStaging|x86.Build.0 = Release|x86
		{DAFBC18C-E733-47EC-9B53-00D551EE6346}.ReleaseToTest|Any CPU.ActiveCfg = Release|x86
		{DAFBC18C-E733-47EC-9B53-00D551EE6346}.ReleaseToTest|Mixed Platforms.ActiveCfg = Release|x86
		{DAFBC18C-E733-47EC-9B53-00D551EE6346}.ReleaseToTest|x86.ActiveCfg = Release|x86
		{DAFBC18C-E733-47EC-9B53-00D551EE6346}.ReleaseToTest|x86.Build.0 = Release|x86
		{A4F98267-2EAC-4604-8995-97AA4CE4ED80}.Debug|Any CPU.ActiveCfg = Debug|x86
		{A4F98267-2EAC-4604-8995-97AA4CE4ED80}.Debug|Mixed Platforms.ActiveCfg = Debug|x86
		{A4F98267-2EAC-4604-8995-97AA4CE4ED80}.Debug|x86.ActiveCfg = Debug|x86
		{A4F98267-2EAC-4604-8995-97AA4CE4ED80}.Debug|x86.Build.0 = Debug|x86
		{A4F98267-2EAC-4604-8995-97AA4CE4ED80}.Release|Any CPU.ActiveCfg = Release|x86
		{A4F98267-2EAC-4604-8995-97AA4CE4ED80}.Release|Mixed Platforms.ActiveCfg = Release|x86
		{A4F98267-2EAC-4604-8995-97AA4CE4ED80}.Release|Mixed Platforms.Build.0 = Release|x86
		{A4F98267-2EAC-4604-8995-97AA4CE4ED80}.Release|x86.ActiveCfg = Release|x86
		{A4F98267-2EAC-4604-8995-97AA4CE4ED80}.Release|x86.Build.0 = Release|x86
		{A4F98267-2EAC-4604-8995-97AA4CE4ED80}.ReleaseNightlyService|Any CPU.ActiveCfg = Release|x86
		{A4F98267-2EAC-4604-8995-97AA4CE4ED80}.ReleaseNightlyService|Mixed Platforms.ActiveCfg = Release|x86
		{A4F98267-2EAC-4604-8995-97AA4CE4ED80}.ReleaseNightlyService|Mixed Platforms.Build.0 = Release|x86
		{A4F98267-2EAC-4604-8995-97AA4CE4ED80}.ReleaseNightlyService|x86.ActiveCfg = Release|x86
		{A4F98267-2EAC-4604-8995-97AA4CE4ED80}.ReleaseNightlyService|x86.Build.0 = Release|x86
		{A4F98267-2EAC-4604-8995-97AA4CE4ED80}.ReleaseNightlyServiceDebug|Any CPU.ActiveCfg = Release|x86
		{A4F98267-2EAC-4604-8995-97AA4CE4ED80}.ReleaseNightlyServiceDebug|Mixed Platforms.ActiveCfg = Release|x86
		{A4F98267-2EAC-4604-8995-97AA4CE4ED80}.ReleaseNightlyServiceDebug|Mixed Platforms.Build.0 = Release|x86
		{A4F98267-2EAC-4604-8995-97AA4CE4ED80}.ReleaseNightlyServiceDebug|x86.ActiveCfg = Release|x86
		{A4F98267-2EAC-4604-8995-97AA4CE4ED80}.ReleaseNightlyServiceDebug|x86.Build.0 = Release|x86
		{A4F98267-2EAC-4604-8995-97AA4CE4ED80}.ReleaseToInstall|Any CPU.ActiveCfg = Release|x86
		{A4F98267-2EAC-4604-8995-97AA4CE4ED80}.ReleaseToInstall|Mixed Platforms.ActiveCfg = Release|x86
		{A4F98267-2EAC-4604-8995-97AA4CE4ED80}.ReleaseToInstall|Mixed Platforms.Build.0 = Release|x86
		{A4F98267-2EAC-4604-8995-97AA4CE4ED80}.ReleaseToInstall|x86.ActiveCfg = Release|x86
		{A4F98267-2EAC-4604-8995-97AA4CE4ED80}.ReleaseToInstall|x86.Build.0 = Release|x86
		{A4F98267-2EAC-4604-8995-97AA4CE4ED80}.ReleaseToLive|Any CPU.ActiveCfg = Release|x86
		{A4F98267-2EAC-4604-8995-97AA4CE4ED80}.ReleaseToLive|Mixed Platforms.ActiveCfg = Release|x86
		{A4F98267-2EAC-4604-8995-97AA4CE4ED80}.ReleaseToLive|Mixed Platforms.Build.0 = Release|x86
		{A4F98267-2EAC-4604-8995-97AA4CE4ED80}.ReleaseToLive|x86.ActiveCfg = Release|x86
		{A4F98267-2EAC-4604-8995-97AA4CE4ED80}.ReleaseToLive|x86.Build.0 = Release|x86
		{A4F98267-2EAC-4604-8995-97AA4CE4ED80}.ReleaseToStaging|Any CPU.ActiveCfg = Release|x86
		{A4F98267-2EAC-4604-8995-97AA4CE4ED80}.ReleaseToStaging|Mixed Platforms.ActiveCfg = Release|x86
		{A4F98267-2EAC-4604-8995-97AA4CE4ED80}.ReleaseToStaging|Mixed Platforms.Build.0 = Release|x86
		{A4F98267-2EAC-4604-8995-97AA4CE4ED80}.ReleaseToStaging|x86.ActiveCfg = Release|x86
		{A4F98267-2EAC-4604-8995-97AA4CE4ED80}.ReleaseToStaging|x86.Build.0 = Release|x86
		{A4F98267-2EAC-4604-8995-97AA4CE4ED80}.ReleaseToTest|Any CPU.ActiveCfg = Release|x86
		{A4F98267-2EAC-4604-8995-97AA4CE4ED80}.ReleaseToTest|Mixed Platforms.ActiveCfg = Release|x86
		{A4F98267-2EAC-4604-8995-97AA4CE4ED80}.ReleaseToTest|x86.ActiveCfg = Release|x86
		{A4F98267-2EAC-4604-8995-97AA4CE4ED80}.ReleaseToTest|x86.Build.0 = Release|x86
		{08B843FA-C426-4895-8E24-5A0F2D1B5244}.Debug|Any CPU.ActiveCfg = Debug|x86
		{08B843FA-C426-4895-8E24-5A0F2D1B5244}.Debug|Mixed Platforms.ActiveCfg = Debug|x86
		{08B843FA-C426-4895-8E24-5A0F2D1B5244}.Debug|x86.ActiveCfg = Debug|x86
		{08B843FA-C426-4895-8E24-5A0F2D1B5244}.Debug|x86.Build.0 = Debug|x86
		{08B843FA-C426-4895-8E24-5A0F2D1B5244}.Release|Any CPU.ActiveCfg = Release|x86
		{08B843FA-C426-4895-8E24-5A0F2D1B5244}.Release|Mixed Platforms.ActiveCfg = Release|x86
		{08B843FA-C426-4895-8E24-5A0F2D1B5244}.Release|Mixed Platforms.Build.0 = Release|x86
		{08B843FA-C426-4895-8E24-5A0F2D1B5244}.Release|x86.ActiveCfg = Release|x86
		{08B843FA-C426-4895-8E24-5A0F2D1B5244}.Release|x86.Build.0 = Release|x86
		{08B843FA-C426-4895-8E24-5A0F2D1B5244}.ReleaseNightlyService|Any CPU.ActiveCfg = Release|x86
		{08B843FA-C426-4895-8E24-5A0F2D1B5244}.ReleaseNightlyService|Mixed Platforms.ActiveCfg = Release|x86
		{08B843FA-C426-4895-8E24-5A0F2D1B5244}.ReleaseNightlyService|Mixed Platforms.Build.0 = Release|x86
		{08B843FA-C426-4895-8E24-5A0F2D1B5244}.ReleaseNightlyService|x86.ActiveCfg = Release|x86
		{08B843FA-C426-4895-8E24-5A0F2D1B5244}.ReleaseNightlyService|x86.Build.0 = Release|x86
		{08B843FA-C426-4895-8E24-5A0F2D1B5244}.ReleaseNightlyServiceDebug|Any CPU.ActiveCfg = Release|x86
		{08B843FA-C426-4895-8E24-5A0F2D1B5244}.ReleaseNightlyServiceDebug|Mixed Platforms.ActiveCfg = Release|x86
		{08B843FA-C426-4895-8E24-5A0F2D1B5244}.ReleaseNightlyServiceDebug|Mixed Platforms.Build.0 = Release|x86
		{08B843FA-C426-4895-8E24-5A0F2D1B5244}.ReleaseNightlyServiceDebug|x86.ActiveCfg = Release|x86
		{08B843FA-C426-4895-8E24-5A0F2D1B5244}.ReleaseNightlyServiceDebug|x86.Build.0 = Release|x86
		{08B843FA-C426-4895-8E24-5A0F2D1B5244}.ReleaseToInstall|Any CPU.ActiveCfg = Release|x86
		{08B843FA-C426-4895-8E24-5A0F2D1B5244}.ReleaseToInstall|Mixed Platforms.ActiveCfg = Release|x86
		{08B843FA-C426-4895-8E24-5A0F2D1B5244}.ReleaseToInstall|Mixed Platforms.Build.0 = Release|x86
		{08B843FA-C426-4895-8E24-5A0F2D1B5244}.ReleaseToInstall|x86.ActiveCfg = Release|x86
		{08B843FA-C426-4895-8E24-5A0F2D1B5244}.ReleaseToInstall|x86.Build.0 = Release|x86
		{08B843FA-C426-4895-8E24-5A0F2D1B5244}.ReleaseToLive|Any CPU.ActiveCfg = Release|x86
		{08B843FA-C426-4895-8E24-5A0F2D1B5244}.ReleaseToLive|Mixed Platforms.ActiveCfg = Release|x86
		{08B843FA-C426-4895-8E24-5A0F2D1B5244}.ReleaseToLive|Mixed Platforms.Build.0 = Release|x86
		{08B843FA-C426-4895-8E24-5A0F2D1B5244}.ReleaseToLive|x86.ActiveCfg = Release|x86
		{08B843FA-C426-4895-8E24-5A0F2D1B5244}.ReleaseToLive|x86.Build.0 = Release|x86
		{08B843FA-C426-4895-8E24-5A0F2D1B5244}.ReleaseToStaging|Any CPU.ActiveCfg = Release|x86
		{08B843FA-C426-4895-8E24-5A0F2D1B5244}.ReleaseToStaging|Mixed Platforms.ActiveCfg = Release|x86
		{08B843FA-C426-4895-8E24-5A0F2D1B5244}.ReleaseToStaging|Mixed Platforms.Build.0 = Release|x86
		{08B843FA-C426-4895-8E24-5A0F2D1B5244}.ReleaseToStaging|x86.ActiveCfg = Release|x86
		{08B843FA-C426-4895-8E24-5A0F2D1B5244}.ReleaseToStaging|x86.Build.0 = Release|x86
		{08B843FA-C426-4895-8E24-5A0F2D1B5244}.ReleaseToTest|Any CPU.ActiveCfg = Release|x86
		{08B843FA-C426-4895-8E24-5A0F2D1B5244}.ReleaseToTest|Mixed Platforms.ActiveCfg = Release|x86
		{08B843FA-C426-4895-8E24-5A0F2D1B5244}.ReleaseToTest|x86.ActiveCfg = Release|x86
		{08B843FA-C426-4895-8E24-5A0F2D1B5244}.ReleaseToTest|x86.Build.0 = Release|x86
	EndGlobalSection
	GlobalSection(SolutionProperties) = preSolution
		HideSolutionNode = FALSE
	EndGlobalSection
	GlobalSection(NestedProjects) = preSolution
		{D10341A8-FF4C-4992-881C-4CDA039D037E} = {EE121DC6-4F47-4075-AA38-7A1A840BEF53}
		{A4F98267-2EAC-4604-8995-97AA4CE4ED80} = {DBAFF1AF-413D-45DC-B7C5-DD880CF0A6E9}
		{08B843FA-C426-4895-8E24-5A0F2D1B5244} = {DBAFF1AF-413D-45DC-B7C5-DD880CF0A6E9}
	EndGlobalSection
	GlobalSection(TestCaseManagementSettings) = postSolution
		CategoryFile = DS.vsmdi
	EndGlobalSection
EndGlobal
